
Microsoft Visual Studio Solution File, Format Version 12.00
# Visual Studio 15
VisualStudioVersion = 15.0.26430.16
MinimumVisualStudioVersion = 10.0.40219.1
Project("{FAE04EC0-301F-11D3-BF4B-00C04F79EFBC}") = "RecusionExample-FractalTree", "RecusionExample-FractalTree\RecusionExample-FractalTree.csproj", "{6C71A568-7269-4380-A492-2DD8CDB2C19D}"
EndProject
Global
	GlobalSection(SolutionConfigurationPlatforms) = preSolution
		Debug|Any CPU = Debug|Any CPU
		Release|Any CPU = Release|Any CPU
	EndGlobalSection
	GlobalSection(ProjectConfigurationPlatforms) = postSolution
		{6C71A568-7269-4380-A492-2DD8CDB2C19D}.Debug|Any CPU.ActiveCfg = Debug|Any CPU
		{6C71A568-7269-4380-A492-2DD8CDB2C19D}.Debug|Any CPU.Build.0 = Debug|Any CPU
		{6C71A568-7269-4380-A492-2DD8CDB2C19D}.Release|Any CPU.ActiveCfg = Release|Any CPU
		{6C71A568-7269-4380-A492-2DD8CDB2C19D}.Release|Any CPU.Build.0 = Release|Any CPU
	EndGlobalSection
	GlobalSection(SolutionProperties) = preSolution
		HideSolutionNode = FALSE
	EndGlobalSection
	GlobalSection(ExtensibilityGlobals) = postSolution
		SolutionGuid = {BCB216B6-6D1B-4067-95F1-53D3CCA3CF2B}
	EndGlobalSection
EndGlobal
